
Microsoft Visual Studio Solution File, Format Version 12.00
# Visual Studio Version 16
VisualStudioVersion = 16.0.809.2
MinimumVisualStudioVersion = 10.0.40219.1
Project("{FAE04EC0-301F-11D3-BF4B-00C04F79EFBC}") = "BridgeMonitor", "BridgeMonitor.csproj", "{FFB40F46-8A74-4A7D-80A6-9176F929B6A1}"
EndProject
Global
	GlobalSection(SolutionConfigurationPlatforms) = preSolution
		Debug|Any CPU = Debug|Any CPU
		Release|Any CPU = Release|Any CPU
	EndGlobalSection
	GlobalSection(ProjectConfigurationPlatforms) = postSolution
		{FFB40F46-8A74-4A7D-80A6-9176F929B6A1}.Debug|Any CPU.ActiveCfg = Debug|Any CPU
		{FFB40F46-8A74-4A7D-80A6-9176F929B6A1}.Debug|Any CPU.Build.0 = Debug|Any CPU
		{FFB40F46-8A74-4A7D-80A6-9176F929B6A1}.Release|Any CPU.ActiveCfg = Release|Any CPU
		{FFB40F46-8A74-4A7D-80A6-9176F929B6A1}.Release|Any CPU.Build.0 = Release|Any CPU
	EndGlobalSection
	GlobalSection(SolutionProperties) = preSolution
		HideSolutionNode = FALSE
	EndGlobalSection
	GlobalSection(ExtensibilityGlobals) = postSolution
		SolutionGuid = {8E26CF22-C94C-4E35-BC61-8EDA852C7377}
	EndGlobalSection
EndGlobal
